
Microsoft Visual Studio Solution File, Format Version 12.00
Project("{FAE04EC0-301F-11D3-BF4B-00C04F79EFBC}") = "CPAPP.Domain", "CPAPP.Domain\CPAPP.Domain.csproj", "{0BC58B33-BD88-40B2-9BA6-7B1E801DD448}"
EndProject
Project("{FAE04EC0-301F-11D3-BF4B-00C04F79EFBC}") = "CPAPP.Application", "CPAPP.Application\CPAPP.Application.csproj", "{238053BB-7EA9-4804-9920-5462D0B645D8}"
EndProject
Project("{FAE04EC0-301F-11D3-BF4B-00C04F79EFBC}") = "CPAPP.Infastructure", "CPAPP.Infastructure\CPAPP.Infastructure.csproj", "{9EE8E4E1-4F5C-4D39-BE0A-E44C90783754}"
EndProject
Project("{FAE04EC0-301F-11D3-BF4B-00C04F79EFBC}") = "CPAPP.CrossCutting", "CPAPP.CrossCutting\CPAPP.CrossCutting.csproj", "{53C5FFE4-AD5D-4F9E-8B2C-831A91E64B0D}"
EndProject
Project("{FAE04EC0-301F-11D3-BF4B-00C04F79EFBC}") = "CPAPP.API", "CPAPP.API\CPAPP.API.csproj", "{8DE2DF98-8424-462E-8CC1-77A6CFD7CE87}"
EndProject
Global
	GlobalSection(SolutionConfigurationPlatforms) = preSolution
		Debug|Any CPU = Debug|Any CPU
		Release|Any CPU = Release|Any CPU
	EndGlobalSection
	GlobalSection(ProjectConfigurationPlatforms) = postSolution
		{0BC58B33-BD88-40B2-9BA6-7B1E801DD448}.Debug|Any CPU.ActiveCfg = Debug|Any CPU
		{0BC58B33-BD88-40B2-9BA6-7B1E801DD448}.Debug|Any CPU.Build.0 = Debug|Any CPU
		{0BC58B33-BD88-40B2-9BA6-7B1E801DD448}.Release|Any CPU.ActiveCfg = Release|Any CPU
		{0BC58B33-BD88-40B2-9BA6-7B1E801DD448}.Release|Any CPU.Build.0 = Release|Any CPU
		{238053BB-7EA9-4804-9920-5462D0B645D8}.Debug|Any CPU.ActiveCfg = Debug|Any CPU
		{238053BB-7EA9-4804-9920-5462D0B645D8}.Debug|Any CPU.Build.0 = Debug|Any CPU
		{238053BB-7EA9-4804-9920-5462D0B645D8}.Release|Any CPU.ActiveCfg = Release|Any CPU
		{238053BB-7EA9-4804-9920-5462D0B645D8}.Release|Any CPU.Build.0 = Release|Any CPU
		{9EE8E4E1-4F5C-4D39-BE0A-E44C90783754}.Debug|Any CPU.ActiveCfg = Debug|Any CPU
		{9EE8E4E1-4F5C-4D39-BE0A-E44C90783754}.Debug|Any CPU.Build.0 = Debug|Any CPU
		{9EE8E4E1-4F5C-4D39-BE0A-E44C90783754}.Release|Any CPU.ActiveCfg = Release|Any CPU
		{9EE8E4E1-4F5C-4D39-BE0A-E44C90783754}.Release|Any CPU.Build.0 = Release|Any CPU
		{53C5FFE4-AD5D-4F9E-8B2C-831A91E64B0D}.Debug|Any CPU.ActiveCfg = Debug|Any CPU
		{53C5FFE4-AD5D-4F9E-8B2C-831A91E64B0D}.Debug|Any CPU.Build.0 = Debug|Any CPU
		{53C5FFE4-AD5D-4F9E-8B2C-831A91E64B0D}.Release|Any CPU.ActiveCfg = Release|Any CPU
		{53C5FFE4-AD5D-4F9E-8B2C-831A91E64B0D}.Release|Any CPU.Build.0 = Release|Any CPU
		{8DE2DF98-8424-462E-8CC1-77A6CFD7CE87}.Debug|Any CPU.ActiveCfg = Debug|Any CPU
		{8DE2DF98-8424-462E-8CC1-77A6CFD7CE87}.Debug|Any CPU.Build.0 = Debug|Any CPU
		{8DE2DF98-8424-462E-8CC1-77A6CFD7CE87}.Release|Any CPU.ActiveCfg = Release|Any CPU
		{8DE2DF98-8424-462E-8CC1-77A6CFD7CE87}.Release|Any CPU.Build.0 = Release|Any CPU
	EndGlobalSection
EndGlobal
